// !$*UTF8*$!
{
	archiveVersion = 1;
	classes = {
	};
	objectVersion = 56;
	objects = {

/* Begin PBXBuildFile section */
		FE9A2B9F2A9B975E000CAB0C /* MentorMemoApp.swift in Sources */ = {isa = PBXBuildFile; fileRef = FE9A2B9E2A9B975E000CAB0C /* MentorMemoApp.swift */; };
		FE9A2BA12A9B975E000CAB0C /* ContentView.swift in Sources */ = {isa = PBXBuildFile; fileRef = FE9A2BA02A9B975E000CAB0C /* ContentView.swift */; };
		FE9A2BA32A9B975F000CAB0C /* Assets.xcassets in Resources */ = {isa = PBXBuildFile; fileRef = FE9A2BA22A9B975F000CAB0C /* Assets.xcassets */; };
		FE9A2BA62A9B975F000CAB0C /* Preview Assets.xcassets in Resources */ = {isa = PBXBuildFile; fileRef = FE9A2BA52A9B975F000CAB0C /* Preview Assets.xcassets */; };
		FE9A2BAF2A9B9A1F000CAB0C /* Data.swift in Sources */ = {isa = PBXBuildFile; fileRef = FE9A2BAE2A9B9A1F000CAB0C /* Data.swift */; };
		FE9A2BB12A9B9ABF000CAB0C /* Students.swift in Sources */ = {isa = PBXBuildFile; fileRef = FE9A2BB02A9B9ABF000CAB0C /* Students.swift */; };
		FE9A2BB32A9BA1B1000CAB0C /* StudentDetailView.swift in Sources */ = {isa = PBXBuildFile; fileRef = FE9A2BB22A9BA1B1000CAB0C /* StudentDetailView.swift */; };
		FECC0E612A9E042B006B0F2B /* TeamsView.swift in Sources */ = {isa = PBXBuildFile; fileRef = FECC0E602A9E042B006B0F2B /* TeamsView.swift */; };
		FECC0E632A9E0AD9006B0F2B /* AddPageView.swift in Sources */ = {isa = PBXBuildFile; fileRef = FECC0E622A9E0AD9006B0F2B /* AddPageView.swift */; };
/* End PBXBuildFile section */

/* Begin PBXFileReference section */
		FE9A2B9B2A9B975E000CAB0C /* MentorMemo.app */ = {isa = PBXFileReference; explicitFileType = wrapper.application; includeInIndex = 0; path = MentorMemo.app; sourceTree = BUILT_PRODUCTS_DIR; };
		FE9A2B9E2A9B975E000CAB0C /* MentorMemoApp.swift */ = {isa = PBXFileReference; lastKnownFileType = sourcecode.swift; path = MentorMemoApp.swift; sourceTree = "<group>"; };
		FE9A2BA02A9B975E000CAB0C /* ContentView.swift */ = {isa = PBXFileReference; lastKnownFileType = sourcecode.swift; path = ContentView.swift; sourceTree = "<group>"; };
		FE9A2BA22A9B975F000CAB0C /* Assets.xcassets */ = {isa = PBXFileReference; lastKnownFileType = folder.assetcatalog; path = Assets.xcassets; sourceTree = "<group>"; };
		FE9A2BA52A9B975F000CAB0C /* Preview Assets.xcassets */ = {isa = PBXFileReference; lastKnownFileType = folder.assetcatalog; path = "Preview Assets.xcassets"; sourceTree = "<group>"; };
		FE9A2BAE2A9B9A1F000CAB0C /* Data.swift */ = {isa = PBXFileReference; lastKnownFileType = sourcecode.swift; path = Data.swift; sourceTree = "<group>"; };
		FE9A2BB02A9B9ABF000CAB0C /* Students.swift */ = {isa = PBXFileReference; lastKnownFileType = sourcecode.swift; path = Students.swift; sourceTree = "<group>"; };
		FE9A2BB22A9BA1B1000CAB0C /* StudentDetailView.swift */ = {isa = PBXFileReference; lastKnownFileType = sourcecode.swift; path = StudentDetailView.swift; sourceTree = "<group>"; };
		FECC0E602A9E042B006B0F2B /* TeamsView.swift */ = {isa = PBXFileReference; lastKnownFileType = sourcecode.swift; path = TeamsView.swift; sourceTree = "<group>"; };
		FECC0E622A9E0AD9006B0F2B /* AddPageView.swift */ = {isa = PBXFileReference; lastKnownFileType = sourcecode.swift; path = AddPageView.swift; sourceTree = "<group>"; };
/* End PBXFileReference section */

/* Begin PBXFrameworksBuildPhase section */
		FE9A2B982A9B975E000CAB0C /* Frameworks */ = {
			isa = PBXFrameworksBuildPhase;
			buildActionMask = 2147483647;
			files = (
			);
			runOnlyForDeploymentPostprocessing = 0;
		};
/* End PBXFrameworksBuildPhase section */

/* Begin PBXGroup section */
		FE9A2B922A9B975E000CAB0C = {
			isa = PBXGroup;
			children = (
				FECC0E622A9E0AD9006B0F2B /* AddPageView.swift */,
				FE9A2B9D2A9B975E000CAB0C /* MentorMemo */,
				FE9A2B9C2A9B975E000CAB0C /* Products */,
			);
			sourceTree = "<group>";
		};
		FE9A2B9C2A9B975E000CAB0C /* Products */ = {
			isa = PBXGroup;
			children = (
				FE9A2B9B2A9B975E000CAB0C /* MentorMemo.app */,
			);
			name = Products;
			sourceTree = "<group>";
		};
		FE9A2B9D2A9B975E000CAB0C /* MentorMemo */ = {
			isa = PBXGroup;
			children = (
				FE9A2B9E2A9B975E000CAB0C /* MentorMemoApp.swift */,
				FE9A2BA02A9B975E000CAB0C /* ContentView.swift */,
				FE9A2BAE2A9B9A1F000CAB0C /* Data.swift */,
				FE9A2BB02A9B9ABF000CAB0C /* Students.swift */,
				FECC0E602A9E042B006B0F2B /* TeamsView.swift */,
				FE9A2BA22A9B975F000CAB0C /* Assets.xcassets */,
				FE9A2BA42A9B975F000CAB0C /* Preview Content */,
			);
			path = MentorMemo;
			sourceTree = "<group>";
		};
		FE9A2BA42A9B975F000CAB0C /* Preview Content */ = {
			isa = PBXGroup;
			children = (
				FE9A2BA52A9B975F000CAB0C /* Preview Assets.xcassets */,
				FE9A2BB22A9BA1B1000CAB0C /* StudentDetailView.swift */,
			);
			path = "Preview Content";
			sourceTree = "<group>";
		};
/* End PBXGroup section */

/* Begin PBXNativeTarget section */
		FE9A2B9A2A9B975E000CAB0C /* MentorMemo */ = {
			isa = PBXNativeTarget;
			buildConfigurationList = FE9A2BA92A9B975F000CAB0C /* Build configuration list for PBXNativeTarget "MentorMemo" */;
			buildPhases = (
				FE9A2B972A9B975E000CAB0C /* Sources */,
				FE9A2B982A9B975E000CAB0C /* Frameworks */,
				FE9A2B992A9B975E000CAB0C /* Resources */,
			);
			buildRules = (
			);
			dependencies = (
			);
			name = MentorMemo;
			productName = MentorMemo;
			productReference = FE9A2B9B2A9B975E000CAB0C /* MentorMemo.app */;
			productType = "com.apple.product-type.application";
		};
/* End PBXNativeTarget section */

/* Begin PBXProject section */
		FE9A2B932A9B975E000CAB0C /* Project object */ = {
			isa = PBXProject;
			attributes = {
				BuildIndependentTargetsInParallel = 1;
				LastSwiftUpdateCheck = 1400;
				LastUpgradeCheck = 1400;
				TargetAttributes = {
					FE9A2B9A2A9B975E000CAB0C = {
						CreatedOnToolsVersion = 14.0.1;
					};
				};
			};
			buildConfigurationList = FE9A2B962A9B975E000CAB0C /* Build configuration list for PBXProject "MentorMemo" */;
			compatibilityVersion = "Xcode 14.0";
			developmentRegion = en;
			hasScannedForEncodings = 0;
			knownRegions = (
				en,
				Base,
			);
			mainGroup = FE9A2B922A9B975E000CAB0C;
			productRefGroup = FE9A2B9C2A9B975E000CAB0C /* Products */;
			projectDirPath = "";
			projectRoot = "";
			targets = (
				FE9A2B9A2A9B975E000CAB0C /* MentorMemo */,
			);
		};
/* End PBXProject section */

/* Begin PBXResourcesBuildPhase section */
		FE9A2B992A9B975E000CAB0C /* Resources */ = {
			isa = PBXResourcesBuildPhase;
			buildActionMask = 2147483647;
			files = (
				FE9A2BA62A9B975F000CAB0C /* Preview Assets.xcassets in Resources */,
				FE9A2BA32A9B975F000CAB0C /* Assets.xcassets in Resources */,
			);
			runOnlyForDeploymentPostprocessing = 0;
		};
/* End PBXResourcesBuildPhase section */

/* Begin PBXSourcesBuildPhase section */
		FE9A2B972A9B975E000CAB0C /* Sources */ = {
			isa = PBXSourcesBuildPhase;
			buildActionMask = 2147483647;
			files = (
				FE9A2BA12A9B975E000CAB0C /* ContentView.swift in Sources */,
				FECC0E632A9E0AD9006B0F2B /* AddPageView.swift in Sources */,
				FE9A2BAF2A9B9A1F000CAB0C /* Data.swift in Sources */,
				FE9A2B9F2A9B975E000CAB0C /* MentorMemoApp.swift in Sources */,
				FECC0E612A9E042B006B0F2B /* TeamsView.swift in Sources */,
				FE9A2BB32A9BA1B1000CAB0C /* StudentDetailView.swift in Sources */,
				FE9A2BB12A9B9ABF000CAB0C /* Students.swift in Sources */,
			);
			runOnlyForDeploymentPostprocessing = 0;
		};
/* End PBXSourcesBuildPhase section */

/* Begin XCBuildConfiguration section */
		FE9A2BA72A9B975F000CAB0C /* Debug */ = {
			isa = XCBuildConfiguration;
			buildSettings = {
				ALWAYS_SEARCH_USER_PATHS = NO;
				CLANG_ANALYZER_NONNULL = YES;
				CLANG_ANALYZER_NUMBER_OBJECT_CONVERSION = YES_AGGRESSIVE;
				CLANG_CXX_LANGUAGE_STANDARD = "gnu++20";
				CLANG_ENABLE_MODULES = YES;
				CLANG_ENABLE_OBJC_ARC = YES;
				CLANG_ENABLE_OBJC_WEAK = YES;
				CLANG_WARN_BLOCK_CAPTURE_AUTORELEASING = YES;
				CLANG_WARN_BOOL_CONVERSION = YES;
				CLANG_WARN_COMMA = YES;
				CLANG_WARN_CONSTANT_CONVERSION = YES;
				CLANG_WARN_DEPRECATED_OBJC_IMPLEMENTATIONS = YES;
				CLANG_WARN_DIRECT_OBJC_ISA_USAGE = YES_ERROR;
				CLANG_WARN_DOCUMENTATION_COMMENTS = YES;
				CLANG_WARN_EMPTY_BODY = YES;
				CLANG_WARN_ENUM_CONVERSION = YES;
				CLANG_WARN_INFINITE_RECURSION = YES;
				CLANG_WARN_INT_CONVERSION = YES;
				CLANG_WARN_NON_LITERAL_NULL_CONVERSION = YES;
				CLANG_WARN_OBJC_IMPLICIT_RETAIN_SELF = YES;
				CLANG_WARN_OBJC_LITERAL_CONVERSION = YES;
				CLANG_WARN_OBJC_ROOT_CLASS = YES_ERROR;
				CLANG_WARN_QUOTED_INCLUDE_IN_FRAMEWORK_HEADER = YES;
				CLANG_WARN_RANGE_LOOP_ANALYSIS = YES;
				CLANG_WARN_STRICT_PROTOTYPES = YES;
				CLANG_WARN_SUSPICIOUS_MOVE = YES;
				CLANG_WARN_UNGUARDED_AVAILABILITY = YES_AGGRESSIVE;
				CLANG_WARN_UNREACHABLE_CODE = YES;
				CLANG_WARN__DUPLICATE_METHOD_MATCH = YES;
				COPY_PHASE_STRIP = NO;
				DEBUG_INFORMATION_FORMAT = dwarf;
				ENABLE_STRICT_OBJC_MSGSEND = YES;
				ENABLE_TESTABILITY = YES;
				GCC_C_LANGUAGE_STANDARD = gnu11;
				GCC_DYNAMIC_NO_PIC = NO;
				GCC_NO_COMMON_BLOCKS = YES;
				GCC_OPTIMIZATION_LEVEL = 0;
				GCC_PREPROCESSOR_DEFINITIONS = (
					"DEBUG=1",
					"$(inherited)",
				);
				GCC_WARN_64_TO_32_BIT_CONVERSION = YES;
				GCC_WARN_ABOUT_RETURN_TYPE = YES_ERROR;
				GCC_WARN_UNDECLARED_SELECTOR = YES;
				GCC_WARN_UNINITIALIZED_AUTOS = YES_AGGRESSIVE;
				GCC_WARN_UNUSED_FUNCTION = YES;
				GCC_WARN_UNUSED_VARIABLE = YES;
				IPHONEOS_DEPLOYMENT_TARGET = 16.0;
				MTL_ENABLE_DEBUG_INFO = INCLUDE_SOURCE;
				MTL_FAST_MATH = YES;
				ONLY_ACTIVE_ARCH = YES;
				SDKROOT = iphoneos;
				SWIFT_ACTIVE_COMPILATION_CONDITIONS = DEBUG;
				SWIFT_OPTIMIZATION_LEVEL = "-Onone";
			};
			name = Debug;
		};
		FE9A2BA82A9B975F000CAB0C /* Release */ = {
			isa = XCBuildConfiguration;
			buildSettings = {
				ALWAYS_SEARCH_USER_PATHS = NO;
				CLANG_ANALYZER_NONNULL = YES;
				CLANG_ANALYZER_NUMBER_OBJECT_CONVERSION = YES_AGGRESSIVE;
				CLANG_CXX_LANGUAGE_STANDARD = "gnu++20";
				CLANG_ENABLE_MODULES = YES;
				CLANG_ENABLE_OBJC_ARC = YES;
				CLANG_ENABLE_OBJC_WEAK = YES;
				CLANG_WARN_BLOCK_CAPTURE_AUTORELEASING = YES;
				CLANG_WARN_BOOL_CONVERSION = YES;
				CLANG_WARN_COMMA = YES;
				CLANG_WARN_CONSTANT_CONVERSION = YES;
				CLANG_WARN_DEPRECATED_OBJC_IMPLEMENTATIONS = YES;
				CLANG_WARN_DIRECT_OBJC_ISA_USAGE = YES_ERROR;
				CLANG_WARN_DOCUMENTATION_COMMENTS = YES;
				CLANG_WARN_EMPTY_BODY = YES;
				CLANG_WARN_ENUM_CONVERSION = YES;
				CLANG_WARN_INFINITE_RECURSION = YES;
				CLANG_WARN_INT_CONVERSION = YES;
				CLANG_WARN_NON_LITERAL_NULL_CONVERSION = YES;
				CLANG_WARN_OBJC_IMPLICIT_RETAIN_SELF = YES;
				CLANG_WARN_OBJC_LITERAL_CONVERSION = YES;
				CLANG_WARN_OBJC_ROOT_CLASS = YES_ERROR;
				CLANG_WARN_QUOTED_INCLUDE_IN_FRAMEWORK_HEADER = YES;
				CLANG_WARN_RANGE_LOOP_ANALYSIS = YES;
				CLANG_WARN_STRICT_PROTOTYPES = YES;
				CLANG_WARN_SUSPICIOUS_MOVE = YES;
				CLANG_WARN_UNGUARDED_AVAILABILITY = YES_AGGRESSIVE;
				CLANG_WARN_UNREACHABLE_CODE = YES;
				CLANG_WARN__DUPLICATE_METHOD_MATCH = YES;
				COPY_PHASE_STRIP = NO;
				DEBUG_INFORMATION_FORMAT = "dwarf-with-dsym";
				ENABLE_NS_ASSERTIONS = NO;
				ENABLE_STRICT_OBJC_MSGSEND = YES;
				GCC_C_LANGUAGE_STANDARD = gnu11;
				GCC_NO_COMMON_BLOCKS = YES;
				GCC_WARN_64_TO_32_BIT_CONVERSION = YES;
				GCC_WARN_ABOUT_RETURN_TYPE = YES_ERROR;
				GCC_WARN_UNDECLARED_SELECTOR = YES;
				GCC_WARN_UNINITIALIZED_AUTOS = YES_AGGRESSIVE;
				GCC_WARN_UNUSED_FUNCTION = YES;
				GCC_WARN_UNUSED_VARIABLE = YES;
				IPHONEOS_DEPLOYMENT_TARGET = 16.0;
				MTL_ENABLE_DEBUG_INFO = NO;
				MTL_FAST_MATH = YES;
				SDKROOT = iphoneos;
				SWIFT_COMPILATION_MODE = wholemodule;
				SWIFT_OPTIMIZATION_LEVEL = "-O";
				VALIDATE_PRODUCT = YES;
			};
			name = Release;
		};
		FE9A2BAA2A9B975F000CAB0C /* Debug */ = {
			isa = XCBuildConfiguration;
			buildSettings = {
				ASSETCATALOG_COMPILER_APPICON_NAME = AppIcon;
				ASSETCATALOG_COMPILER_GLOBAL_ACCENT_COLOR_NAME = AccentColor;
				CODE_SIGN_STYLE = Automatic;
				CURRENT_PROJECT_VERSION = 1;
				DEVELOPMENT_ASSET_PATHS = "\"MentorMemo/Preview Content\"";
				ENABLE_PREVIEWS = YES;
				GENERATE_INFOPLIST_FILE = YES;
				INFOPLIST_KEY_UIApplicationSceneManifest_Generation = YES;
				INFOPLIST_KEY_UIApplicationSupportsIndirectInputEvents = YES;
				INFOPLIST_KEY_UILaunchScreen_Generation = YES;
				INFOPLIST_KEY_UISupportedInterfaceOrientations_iPad = "UIInterfaceOrientationPortrait UIInterfaceOrientationPortraitUpsideDown UIInterfaceOrientationLandscapeLeft UIInterfaceOrientationLandscapeRight";
				INFOPLIST_KEY_UISupportedInterfaceOrientations_iPhone = "UIInterfaceOrientationPortrait UIInterfaceOrientationLandscapeLeft UIInterfaceOrientationLandscapeRight";
				LD_RUNPATH_SEARCH_PATHS = (
					"$(inherited)",
					"@executable_path/Frameworks",
				);
				MARKETING_VERSION = 1.0;
				PRODUCT_BUNDLE_IDENTIFIER = com.swift.srl.MentorMemo;
				PRODUCT_NAME = "$(TARGET_NAME)";
				SWIFT_EMIT_LOC_STRINGS = YES;
				SWIFT_VERSION = 5.0;
				TARGETED_DEVICE_FAMILY = "1,2";
			};
			name = Debug;
		};
		FE9A2BAB2A9B975F000CAB0C /* Release */ = {
			isa = XCBuildConfiguration;
			buildSettings = {
				ASSETCATALOG_COMPILER_APPICON_NAME = AppIcon;
				ASSETCATALOG_COMPILER_GLOBAL_ACCENT_COLOR_NAME = AccentColor;
				CODE_SIGN_STYLE = Automatic;
				CURRENT_PROJECT_VERSION = 1;
				DEVELOPMENT_ASSET_PATHS = "\"MentorMemo/Preview Content\"";
				ENABLE_PREVIEWS = YES;
				GENERATE_INFOPLIST_FILE = YES;
				INFOPLIST_KEY_UIApplicationSceneManifest_Generation = YES;
				INFOPLIST_KEY_UIApplicationSupportsIndirectInputEvents = YES;
				INFOPLIST_KEY_UILaunchScreen_Generation = YES;
				INFOPLIST_KEY_UISupportedInterfaceOrientations_iPad = "UIInterfaceOrientationPortrait UIInterfaceOrientationPortraitUpsideDown UIInterfaceOrientationLandscapeLeft UIInterfaceOrientationLandscapeRight";
				INFOPLIST_KEY_UISupportedInterfaceOrientations_iPhone = "UIInterfaceOrientationPortrait UIInterfaceOrientationLandscapeLeft UIInterfaceOrientationLandscapeRight";
				LD_RUNPATH_SEARCH_PATHS = (
					"$(inherited)",
					"@executable_path/Frameworks",
				);
				MARKETING_VERSION = 1.0;
				PRODUCT_BUNDLE_IDENTIFIER = com.swift.srl.MentorMemo;
				PRODUCT_NAME = "$(TARGET_NAME)";
				SWIFT_EMIT_LOC_STRINGS = YES;
				SWIFT_VERSION = 5.0;
				TARGETED_DEVICE_FAMILY = "1,2";
			};
			name = Release;
		};
/* End XCBuildConfiguration section */

/* Begin XCConfigurationList section */
		FE9A2B962A9B975E000CAB0C /* Build configuration list for PBXProject "MentorMemo" */ = {
			isa = XCConfigurationList;
			buildConfigurations = (
				FE9A2BA72A9B975F000CAB0C /* Debug */,
				FE9A2BA82A9B975F000CAB0C /* Release */,
			);
			defaultConfigurationIsVisible = 0;
			defaultConfigurationName = Release;
		};
		FE9A2BA92A9B975F000CAB0C /* Build configuration list for PBXNativeTarget "MentorMemo" */ = {
			isa = XCConfigurationList;
			buildConfigurations = (
				FE9A2BAA2A9B975F000CAB0C /* Debug */,
				FE9A2BAB2A9B975F000CAB0C /* Release */,
			);
			defaultConfigurationIsVisible = 0;
			defaultConfigurationName = Release;
		};
/* End XCConfigurationList section */
	};
	rootObject = FE9A2B932A9B975E000CAB0C /* Project object */;
}
